
Microsoft Visual Studio Solution File, Format Version 12.00
# Visual Studio Version 16
VisualStudioVersion = 16.0.30907.101
MinimumVisualStudioVersion = 10.0.40219.1
Project("{9A19103F-16F7-4668-BE54-9A1E7A4F7556}") = "testmvc_vue", "testmvc_vue\testmvc_vue.csproj", "{0A1908C3-9026-4615-A1B3-F7648E313660}"
EndProject
Project("{FAE04EC0-301F-11D3-BF4B-00C04F79EFBC}") = "testmvc_vue_core", "testmvc_vue_core\testmvc_vue_core.csproj", "{E2222546-E3CC-4CA2-9636-8ABEBB5EDA67}"
EndProject
Global
	GlobalSection(SolutionConfigurationPlatforms) = preSolution
		Debug|Any CPU = Debug|Any CPU
		Release|Any CPU = Release|Any CPU
	EndGlobalSection
	GlobalSection(ProjectConfigurationPlatforms) = postSolution
		{0A1908C3-9026-4615-A1B3-F7648E313660}.Debug|Any CPU.ActiveCfg = Debug|Any CPU
		{0A1908C3-9026-4615-A1B3-F7648E313660}.Debug|Any CPU.Build.0 = Debug|Any CPU
		{0A1908C3-9026-4615-A1B3-F7648E313660}.Release|Any CPU.ActiveCfg = Release|Any CPU
		{0A1908C3-9026-4615-A1B3-F7648E313660}.Release|Any CPU.Build.0 = Release|Any CPU
		{E2222546-E3CC-4CA2-9636-8ABEBB5EDA67}.Debug|Any CPU.ActiveCfg = Debug|Any CPU
		{E2222546-E3CC-4CA2-9636-8ABEBB5EDA67}.Debug|Any CPU.Build.0 = Debug|Any CPU
		{E2222546-E3CC-4CA2-9636-8ABEBB5EDA67}.Release|Any CPU.ActiveCfg = Release|Any CPU
		{E2222546-E3CC-4CA2-9636-8ABEBB5EDA67}.Release|Any CPU.Build.0 = Release|Any CPU
	EndGlobalSection
	GlobalSection(SolutionProperties) = preSolution
		HideSolutionNode = FALSE
	EndGlobalSection
	GlobalSection(ExtensibilityGlobals) = postSolution
		SolutionGuid = {BB51BBF9-3452-40B0-910E-D88B1FDBBE48}
	EndGlobalSection
EndGlobal
